{
  "nodes": {
    "nixpkgs": {
      "locked": {
        "lastModified": 1763713012,
        "narHash": "sha256-Pe2xPWKaftktdhyQiT4iqnCa+pqB4TsBM/H7k39YRyE=",
        "owner": "NixOS",
        "repo": "nixpkgs",
        "rev": "9fe0d00db1794fe493677b1abe9ca6d08965f4d1",
        "type": "github"
      },
      "original": {
        "owner": "NixOS",
        "ref": "nixpkgs-unstable",
        "repo": "nixpkgs",
        "type": "github"
      }
    },
    "root": {
      "inputs": {
        "nixpkgs": "nixpkgs"
      }
    }
  },
  "root": "root",
  "version": 7
}
