{
  "nodes": {
    "nixpkgs": {
      "locked": {
        "lastModified": 1778688106,
        "narHash": "sha256-5AflZ/P4D9ZC19WSdUTcs/xVowJETiNTtGvWhPeHCME=",
        "owner": "NixOS",
        "repo": "nixpkgs",
        "rev": "943e4c3c705a1b3025348d82d6aada3c442327ec",
        "type": "github"
      },
      "original": {
        "owner": "NixOS",
        "ref": "nixpkgs-unstable",
        "repo": "nixpkgs",
        "type": "github"
      }
    },
    "root": {
      "inputs": {
        "nixpkgs": "nixpkgs"
      }
    }
  },
  "root": "root",
  "version": 7
}
